
Microsoft Visual Studio Solution File, Format Version 12.00
# Visual Studio 15
VisualStudioVersion = 15.0.28307.271
MinimumVisualStudioVersion = 10.0.40219.1
Project("{8BC9CEB8-8B4A-11D0-8D11-00A0C91BC942}") = "Ishikawa", "Ishikawa\Ishikawa.vcxproj", "{CA58D2B1-5FF4-46D8-8DBB-DF7A93ACA4CF}"
EndProject
Global
	GlobalSection(SolutionConfigurationPlatforms) = preSolution
		Debug|x64 = Debug|x64
		Debug|x86 = Debug|x86
		Release|x64 = Release|x64
		Release|x86 = Release|x86
	EndGlobalSection
	GlobalSection(ProjectConfigurationPlatforms) = postSolution
		{CA58D2B1-5FF4-46D8-8DBB-DF7A93ACA4CF}.Debug|x64.ActiveCfg = Debug|x64
		{CA58D2B1-5FF4-46D8-8DBB-DF7A93ACA4CF}.Debug|x64.Build.0 = Debug|x64
		{CA58D2B1-5FF4-46D8-8DBB-DF7A93ACA4CF}.Debug|x86.ActiveCfg = Debug|Win32
		{CA58D2B1-5FF4-46D8-8DBB-DF7A93ACA4CF}.Debug|x86.Build.0 = Debug|Win32
		{CA58D2B1-5FF4-46D8-8DBB-DF7A93ACA4CF}.Release|x64.ActiveCfg = Release|x64
		{CA58D2B1-5FF4-46D8-8DBB-DF7A93ACA4CF}.Release|x64.Build.0 = Release|x64
		{CA58D2B1-5FF4-46D8-8DBB-DF7A93ACA4CF}.Release|x86.ActiveCfg = Release|Win32
		{CA58D2B1-5FF4-46D8-8DBB-DF7A93ACA4CF}.Release|x86.Build.0 = Release|Win32
	EndGlobalSection
	GlobalSection(SolutionProperties) = preSolution
		HideSolutionNode = FALSE
	EndGlobalSection
	GlobalSection(ExtensibilityGlobals) = postSolution
		SolutionGuid = {0A7C6F5C-F4B3-4E3F-A312-8D434E1474A7}
	EndGlobalSection
EndGlobal
